
Microsoft Visual Studio Solution File, Format Version 12.00
# Visual Studio 15
VisualStudioVersion = 15.0.28010.2003
MinimumVisualStudioVersion = 10.0.40219.1
Project("{FAE04EC0-301F-11D3-BF4B-00C04F79EFBC}") = "Pacman_new", "Pacman_new\Pacman_new.csproj", "{C35851F9-7D0F-4C93-A3F4-98FA735A33C8}"
EndProject
Project("{FAE04EC0-301F-11D3-BF4B-00C04F79EFBC}") = "Pac_Library", "Pac_Library\Pac_Library.csproj", "{0406C4BA-6BDC-4600-8F3B-7DAD78E77565}"
EndProject
Global
	GlobalSection(SolutionConfigurationPlatforms) = preSolution
		Debug|Any CPU = Debug|Any CPU
		Release|Any CPU = Release|Any CPU
	EndGlobalSection
	GlobalSection(ProjectConfigurationPlatforms) = postSolution
		{C35851F9-7D0F-4C93-A3F4-98FA735A33C8}.Debug|Any CPU.ActiveCfg = Debug|Any CPU
		{C35851F9-7D0F-4C93-A3F4-98FA735A33C8}.Debug|Any CPU.Build.0 = Debug|Any CPU
		{C35851F9-7D0F-4C93-A3F4-98FA735A33C8}.Release|Any CPU.ActiveCfg = Release|Any CPU
		{C35851F9-7D0F-4C93-A3F4-98FA735A33C8}.Release|Any CPU.Build.0 = Release|Any CPU
		{0406C4BA-6BDC-4600-8F3B-7DAD78E77565}.Debug|Any CPU.ActiveCfg = Debug|Any CPU
		{0406C4BA-6BDC-4600-8F3B-7DAD78E77565}.Debug|Any CPU.Build.0 = Debug|Any CPU
		{0406C4BA-6BDC-4600-8F3B-7DAD78E77565}.Release|Any CPU.ActiveCfg = Release|Any CPU
		{0406C4BA-6BDC-4600-8F3B-7DAD78E77565}.Release|Any CPU.Build.0 = Release|Any CPU
	EndGlobalSection
	GlobalSection(SolutionProperties) = preSolution
		HideSolutionNode = FALSE
	EndGlobalSection
	GlobalSection(ExtensibilityGlobals) = postSolution
		SolutionGuid = {69A0CE51-A71D-41E7-BE90-87C675D88568}
	EndGlobalSection
EndGlobal
